// !$*UTF8*$!
{
	archiveVersion = 1;
	classes = {
	};
	objectVersion = 46;
	objects = {

/* Begin PBXBuildFile section */
		FC438BB41E1900A9007BC49F /* AppDelegate.swift in Sources */ = {isa = PBXBuildFile; fileRef = FC438BB31E1900A9007BC49F /* AppDelegate.swift */; };
		FC438BB61E1900A9007BC49F /* ViewController.swift in Sources */ = {isa = PBXBuildFile; fileRef = FC438BB51E1900A9007BC49F /* ViewController.swift */; };
		FC438BB91E1900A9007BC49F /* Main.storyboard in Resources */ = {isa = PBXBuildFile; fileRef = FC438BB71E1900A9007BC49F /* Main.storyboard */; };
		FC438BBB1E1900A9007BC49F /* Assets.xcassets in Resources */ = {isa = PBXBuildFile; fileRef = FC438BBA1E1900A9007BC49F /* Assets.xcassets */; };
		FC438BBE1E1900A9007BC49F /* LaunchScreen.storyboard in Resources */ = {isa = PBXBuildFile; fileRef = FC438BBC1E1900A9007BC49F /* LaunchScreen.storyboard */; };
/* End PBXBuildFile section */

/* Begin PBXFileReference section */
		FC438BB01E1900A9007BC49F /* ColorMaker.app */ = {isa = PBXFileReference; explicitFileType = wrapper.application; includeInIndex = 0; path = ColorMaker.app; sourceTree = BUILT_PRODUCTS_DIR; };
		FC438BB31E1900A9007BC49F /* AppDelegate.swift */ = {isa = PBXFileReference; lastKnownFileType = sourcecode.swift; path = AppDelegate.swift; sourceTree = "<group>"; };
		FC438BB51E1900A9007BC49F /* ViewController.swift */ = {isa = PBXFileReference; lastKnownFileType = sourcecode.swift; path = ViewController.swift; sourceTree = "<group>"; };
		FC438BB81E1900A9007BC49F /* Base */ = {isa = PBXFileReference; lastKnownFileType = file.storyboard; name = Base; path = Base.lproj/Main.storyboard; sourceTree = "<group>"; };
		FC438BBA1E1900A9007BC49F /* Assets.xcassets */ = {isa = PBXFileReference; lastKnownFileType = folder.assetcatalog; path = Assets.xcassets; sourceTree = "<group>"; };
		FC438BBD1E1900A9007BC49F /* Base */ = {isa = PBXFileReference; lastKnownFileType = file.storyboard; name = Base; path = Base.lproj/LaunchScreen.storyboard; sourceTree = "<group>"; };
		FC438BBF1E1900A9007BC49F /* Info.plist */ = {isa = PBXFileReference; lastKnownFileType = text.plist.xml; path = Info.plist; sourceTree = "<group>"; };
/* End PBXFileReference section */

/* Begin PBXFrameworksBuildPhase section */
		FC438BAD1E1900A9007BC49F /* Frameworks */ = {
			isa = PBXFrameworksBuildPhase;
			buildActionMask = 2147483647;
			files = (
			);
			runOnlyForDeploymentPostprocessing = 0;
		};
/* End PBXFrameworksBuildPhase section */

/* Begin PBXGroup section */
		FC438BA71E1900A9007BC49F = {
			isa = PBXGroup;
			children = (
				FC438BB21E1900A9007BC49F /* ColorMaker */,
				FC438BB11E1900A9007BC49F /* Products */,
			);
			sourceTree = "<group>";
		};
		FC438BB11E1900A9007BC49F /* Products */ = {
			isa = PBXGroup;
			children = (
				FC438BB01E1900A9007BC49F /* ColorMaker.app */,
			);
			name = Products;
			sourceTree = "<group>";
		};
		FC438BB21E1900A9007BC49F /* ColorMaker */ = {
			isa = PBXGroup;
			children = (
				FC438BB31E1900A9007BC49F /* AppDelegate.swift */,
				FC438BB51E1900A9007BC49F /* ViewController.swift */,
				FC438BB71E1900A9007BC49F /* Main.storyboard */,
				FC438BBA1E1900A9007BC49F /* Assets.xcassets */,
				FC438BBC1E1900A9007BC49F /* LaunchScreen.storyboard */,
				FC438BBF1E1900A9007BC49F /* Info.plist */,
			);
			path = ColorMaker;
			sourceTree = "<group>";
		};
/* End PBXGroup section */

/* Begin PBXNativeTarget section */
		FC438BAF1E1900A9007BC49F /* ColorMaker */ = {
			isa = PBXNativeTarget;
			buildConfigurationList = FC438BC21E1900A9007BC49F /* Build configuration list for PBXNativeTarget "ColorMaker" */;
			buildPhases = (
				FC438BAC1E1900A9007BC49F /* Sources */,
				FC438BAD1E1900A9007BC49F /* Frameworks */,
				FC438BAE1E1900A9007BC49F /* Resources */,
			);
			buildRules = (
			);
			dependencies = (
			);
			name = ColorMaker;
			productName = ColorMaker;
			productReference = FC438BB01E1900A9007BC49F /* ColorMaker.app */;
			productType = "com.apple.product-type.application";
		};
/* End PBXNativeTarget section */

/* Begin PBXProject section */
		FC438BA81E1900A9007BC49F /* Project object */ = {
			isa = PBXProject;
			attributes = {
				LastSwiftUpdateCheck = 0820;
				LastUpgradeCheck = 0820;
				ORGANIZATIONNAME = "Luke Van In";
				TargetAttributes = {
					FC438BAF1E1900A9007BC49F = {
						CreatedOnToolsVersion = 8.2;
						DevelopmentTeam = DBK476475Y;
						ProvisioningStyle = Automatic;
					};
				};
			};
			buildConfigurationList = FC438BAB1E1900A9007BC49F /* Build configuration list for PBXProject "ColorMaker" */;
			compatibilityVersion = "Xcode 3.2";
			developmentRegion = English;
			hasScannedForEncodings = 0;
			knownRegions = (
				en,
				Base,
			);
			mainGroup = FC438BA71E1900A9007BC49F;
			productRefGroup = FC438BB11E1900A9007BC49F /* Products */;
			projectDirPath = "";
			projectRoot = "";
			targets = (
				FC438BAF1E1900A9007BC49F /* ColorMaker */,
			);
		};
/* End PBXProject section */

/* Begin PBXResourcesBuildPhase section */
		FC438BAE1E1900A9007BC49F /* Resources */ = {
			isa = PBXResourcesBuildPhase;
			buildActionMask = 2147483647;
			files = (
				FC438BBE1E1900A9007BC49F /* LaunchScreen.storyboard in Resources */,
				FC438BBB1E1900A9007BC49F /* Assets.xcassets in Resources */,
				FC438BB91E1900A9007BC49F /* Main.storyboard in Resources */,
			);
			runOnlyForDeploymentPostprocessing = 0;
		};
/* End PBXResourcesBuildPhase section */

/* Begin PBXSourcesBuildPhase section */
		FC438BAC1E1900A9007BC49F /* Sources */ = {
			isa = PBXSourcesBuildPhase;
			buildActionMask = 2147483647;
			files = (
				FC438BB61E1900A9007BC49F /* ViewController.swift in Sources */,
				FC438BB41E1900A9007BC49F /* AppDelegate.swift in Sources */,
			);
			runOnlyForDeploymentPostprocessing = 0;
		};
/* End PBXSourcesBuildPhase section */

/* Begin PBXVariantGroup section */
		FC438BB71E1900A9007BC49F /* Main.storyboard */ = {
			isa = PBXVariantGroup;
			children = (
				FC438BB81E1900A9007BC49F /* Base */,
			);
			name = Main.storyboard;
			sourceTree = "<group>";
		};
		FC438BBC1E1900A9007BC49F /* LaunchScreen.storyboard */ = {
			isa = PBXVariantGroup;
			children = (
				FC438BBD1E1900A9007BC49F /* Base */,
			);
			name = LaunchScreen.storyboard;
			sourceTree = "<group>";
		};
/* End PBXVariantGroup section */

/* Begin XCBuildConfiguration section */
		FC438BC01E1900A9007BC49F /* Debug */ = {
			isa = XCBuildConfiguration;
			buildSettings = {
				ALWAYS_SEARCH_USER_PATHS = NO;
				CLANG_ANALYZER_NONNULL = YES;
				CLANG_CXX_LANGUAGE_STANDARD = "gnu++0x";
				CLANG_CXX_LIBRARY = "libc++";
				CLANG_ENABLE_MODULES = YES;
				CLANG_ENABLE_OBJC_ARC = YES;
				CLANG_WARN_BOOL_CONVERSION = YES;
				CLANG_WARN_CONSTANT_CONVERSION = YES;
				CLANG_WARN_DIRECT_OBJC_ISA_USAGE = YES_ERROR;
				CLANG_WARN_DOCUMENTATION_COMMENTS = YES;
				CLANG_WARN_EMPTY_BODY = YES;
				CLANG_WARN_ENUM_CONVERSION = YES;
				CLANG_WARN_INFINITE_RECURSION = YES;
				CLANG_WARN_INT_CONVERSION = YES;
				CLANG_WARN_OBJC_ROOT_CLASS = YES_ERROR;
				CLANG_WARN_SUSPICIOUS_MOVE = YES;
				CLANG_WARN_UNREACHABLE_CODE = YES;
				CLANG_WARN__DUPLICATE_METHOD_MATCH = YES;
				"CODE_SIGN_IDENTITY[sdk=iphoneos*]" = "iPhone Developer";
				COPY_PHASE_STRIP = NO;
				DEBUG_INFORMATION_FORMAT = dwarf;
				ENABLE_STRICT_OBJC_MSGSEND = YES;
				ENABLE_TESTABILITY = YES;
				GCC_C_LANGUAGE_STANDARD = gnu99;
				GCC_DYNAMIC_NO_PIC = NO;
				GCC_NO_COMMON_BLOCKS = YES;
				GCC_OPTIMIZATION_LEVEL = 0;
				GCC_PREPROCESSOR_DEFINITIONS = (
					"DEBUG=1",
					"$(inherited)",
				);
				GCC_WARN_64_TO_32_BIT_CONVERSION = YES;
				GCC_WARN_ABOUT_RETURN_TYPE = YES_ERROR;
				GCC_WARN_UNDECLARED_SELECTOR = YES;
				GCC_WARN_UNINITIALIZED_AUTOS = YES_AGGRESSIVE;
				GCC_WARN_UNUSED_FUNCTION = YES;
				GCC_WARN_UNUSED_VARIABLE = YES;
				IPHONEOS_DEPLOYMENT_TARGET = 10.2;
				MTL_ENABLE_DEBUG_INFO = YES;
				ONLY_ACTIVE_ARCH = YES;
				SDKROOT = iphoneos;
				SWIFT_ACTIVE_COMPILATION_CONDITIONS = DEBUG;
				SWIFT_OPTIMIZATION_LEVEL = "-Onone";
				TARGETED_DEVICE_FAMILY = "1,2";
			};
			name = Debug;
		};
		FC438BC11E1900A9007BC49F /* Release */ = {
			isa = XCBuildConfiguration;
			buildSettings = {
				ALWAYS_SEARCH_USER_PATHS = NO;
				CLANG_ANALYZER_NONNULL = YES;
				CLANG_CXX_LANGUAGE_STANDARD = "gnu++0x";
				CLANG_CXX_LIBRARY = "libc++";
				CLANG_ENABLE_MODULES = YES;
				CLANG_ENABLE_OBJC_ARC = YES;
				CLANG_WARN_BOOL_CONVERSION = YES;
				CLANG_WARN_CONSTANT_CONVERSION = YES;
				CLANG_WARN_DIRECT_OBJC_ISA_USAGE = YES_ERROR;
				CLANG_WARN_DOCUMENTATION_COMMENTS = YES;
				CLANG_WARN_EMPTY_BODY = YES;
				CLANG_WARN_ENUM_CONVERSION = YES;
				CLANG_WARN_INFINITE_RECURSION = YES;
				CLANG_WARN_INT_CONVERSION = YES;
				CLANG_WARN_OBJC_ROOT_CLASS = YES_ERROR;
				CLANG_WARN_SUSPICIOUS_MOVE = YES;
				CLANG_WARN_UNREACHABLE_CODE = YES;
				CLANG_WARN__DUPLICATE_METHOD_MATCH = YES;
				"CODE_SIGN_IDENTITY[sdk=iphoneos*]" = "iPhone Developer";
				COPY_PHASE_STRIP = NO;
				DEBUG_INFORMATION_FORMAT = "dwarf-with-dsym";
				ENABLE_NS_ASSERTIONS = NO;
				ENABLE_STRICT_OBJC_MSGSEND = YES;
				GCC_C_LANGUAGE_STANDARD = gnu99;
				GCC_NO_COMMON_BLOCKS = YES;
				GCC_WARN_64_TO_32_BIT_CONVERSION = YES;
				GCC_WARN_ABOUT_RETURN_TYPE = YES_ERROR;
				GCC_WARN_UNDECLARED_SELECTOR = YES;
				GCC_WARN_UNINITIALIZED_AUTOS = YES_AGGRESSIVE;
				GCC_WARN_UNUSED_FUNCTION = YES;
				GCC_WARN_UNUSED_VARIABLE = YES;
				IPHONEOS_DEPLOYMENT_TARGET = 10.2;
				MTL_ENABLE_DEBUG_INFO = NO;
				SDKROOT = iphoneos;
				SWIFT_OPTIMIZATION_LEVEL = "-Owholemodule";
				TARGETED_DEVICE_FAMILY = "1,2";
				VALIDATE_PRODUCT = YES;
			};
			name = Release;
		};
		FC438BC31E1900A9007BC49F /* Debug */ = {
			isa = XCBuildConfiguration;
			buildSettings = {
				ASSETCATALOG_COMPILER_APPICON_NAME = AppIcon;
				DEVELOPMENT_TEAM = DBK476475Y;
				INFOPLIST_FILE = ColorMaker/Info.plist;
				LD_RUNPATH_SEARCH_PATHS = "$(inherited) @executable_path/Frameworks";
				PRODUCT_BUNDLE_IDENTIFIER = com.lukevanin.ColorMaker;
				PRODUCT_NAME = "$(TARGET_NAME)";
				SWIFT_VERSION = 3.0;
			};
			name = Debug;
		};
		FC438BC41E1900A9007BC49F /* Release */ = {
			isa = XCBuildConfiguration;
			buildSettings = {
				ASSETCATALOG_COMPILER_APPICON_NAME = AppIcon;
				DEVELOPMENT_TEAM = DBK476475Y;
				INFOPLIST_FILE = ColorMaker/Info.plist;
				LD_RUNPATH_SEARCH_PATHS = "$(inherited) @executable_path/Frameworks";
				PRODUCT_BUNDLE_IDENTIFIER = com.lukevanin.ColorMaker;
				PRODUCT_NAME = "$(TARGET_NAME)";
				SWIFT_VERSION = 3.0;
			};
			name = Release;
		};
/* End XCBuildConfiguration section */

/* Begin XCConfigurationList section */
		FC438BAB1E1900A9007BC49F /* Build configuration list for PBXProject "ColorMaker" */ = {
			isa = XCConfigurationList;
			buildConfigurations = (
				FC438BC01E1900A9007BC49F /* Debug */,
				FC438BC11E1900A9007BC49F /* Release */,
			);
			defaultConfigurationIsVisible = 0;
			defaultConfigurationName = Release;
		};
		FC438BC21E1900A9007BC49F /* Build configuration list for PBXNativeTarget "ColorMaker" */ = {
			isa = XCConfigurationList;
			buildConfigurations = (
				FC438BC31E1900A9007BC49F /* Debug */,
				FC438BC41E1900A9007BC49F /* Release */,
			);
			defaultConfigurationIsVisible = 0;
		};
/* End XCConfigurationList section */
	};
	rootObject = FC438BA81E1900A9007BC49F /* Project object */;
}
